github.com/codegangsta/inject v0.0.0-20150114235600-33e0aa1cb7c0 h1:sDMmm+q/3+BukdIpxwO365v/Rbspp2Nt5XntgQRXq8Q=
github.com/codegangsta/inject v0.0.0-20150114235600-33e0aa1cb7c0/go.mod h1:4Zcjuz89kmFXt9morQgcfYZAYZ5n8WHjt81YYWIwtTM=
github.com/codeskyblue/go-sh v0.0.0-20200712050446-30169cf553fe h1:69JI97HlzP+PH5Mi1thcGlDoBr6PS2Oe+l3mNmAkbs4=
github.com/codeskyblue/go-sh v0.0.0-20200712050446-30169cf553fe/go.mod h1:VQx0hjo2oUeQkQUET7wRwradO6f+fN5jzXgB/zROxxE=
github.com/davecgh/go-spew v1.1.0 h1:ZDRjVQ15GmhC3fiQ8ni8+OwkZQO4DARzQgrnXU1Liz8=
github.com/davecgh/go-spew v1.1.0/go.mod h1:J7Y8YcW2NihsgmVo/mv3lAwl/skON4iLHjSsI+c5H38=
github.com/ibrt/golang-bites v1.2.0 h1:ZCDmtrCsJGS21YTY7UngcEjrXvpNIJp6Gy30w4JMkZk=
github.com/ibrt/golang-bites v1.2.0/go.mod h1:3DOaWxa9TxIJLGLfv2D3cFa7BGNfJxfrwHkT2yteRRY=
github.com/ibrt/golang-errors v1.0.0 h1:3+ccXbAfLGL0PsMFxrtvlWr42lyncqVL7cSWltLYfpI=
github.com/ibrt/golang-errors v1.0.0/go.mod h1:T4eQeBJ8CKAp52LT1dHwJ6qKnWKRgoTjDqDF7DM2U08=
github.com/ibrt/golang-fixtures v1.1.0 h1:JZAlgnG8ibrsgNX2de92w9+oARfeKYY+IjBF2hk5rDg=
github.com/ibrt/golang-fixtures v1.1.0/go.mod h1:r9f6ELcaIPI2g13gWIUkwLSl5c7LTJDhyJMBVvsQ+FE=
github.com/pmezard/go-difflib v1.0.0 h1:4DBwDE0NGyQoBHbLQYPwSUPoCMWR5BEzIk/f1lZbAQM=
github.com/pmezard/go-difflib v1.0.0/go.mod h1:iKH77koFhYxTK1pcRnkKkqfTogsbg7gZNVY4sRDYZ/4=
github.com/stretchr/objx v0.1.0/go.mod h1:HFkY916IF+rwdDfMAkV7OtwuqBVzrE8GR6GFx+wExME=
github.com/stretchr/testify v1.7.0 h1:nwc3DEeHmmLAfoZucVR881uASk0Mfjw8xYJ99tb5CcY=
github.com/stretchr/testify v1.7.0/go.mod h1:6Fq8oRcR53rry900zMqJjRRixrwX3KX962/h/Wwjteg=
github.com/yosssi/gohtml v0.0.0-20201013000340-ee4748c638f4/go.mod h1:+ccdNT0xMY1dtc5XBxumbYfOUhmduiGudqaDgD2rVRE=
golang.org/x/net v0.0.0-20220225172249-27dd8689420f/go.mod h1:CfG3xpIq0wQ8r1q4Su4UZFWDARRcnwPjda9FqA0JpMk=
golang.org/x/sys v0.0.0-20210615035016-665e8c7367d1/go.mod h1:oPkhp1MJrh7nUepCBck5+mAzfO9JrbApNNgaTdGDITg=
golang.org/x/sys v0.0.0-20211216021012-1d35b9e2eb4e/go.mod h1:oPkhp1MJrh7nUepCBck5+mAzfO9JrbApNNgaTdGDITg=
golang.org/x/term v0.0.0-20210927222741-03fcf44c2211/go.mod h1:jbD1KX2456YbFQfuXm/mYQcufACuNUgVhRMnK/tPxf8=
golang.org/x/text v0.3.7/go.mod h1:u+2+/6zg+i71rQMx5EYifcz6MCKuco9NR6JIITiCfzQ=
golang.org/x/tools v0.0.0-20180917221912-90fa682c2a6e/go.mod h1:n7NCudcB/nEzxVGmLbDWY5pfWTLqBcC2KZ6jyYvM4mQ=
gopkg.in/check.v1 v0.0.0-20161208181325-20d25e280405 h1:yhCVgyC4o1eVCa2tZl7eS0r+SDo693bJlVdllGtEeKM=
gopkg.in/check.v1 v0.0.0-20161208181325-20d25e280405/go.mod h1:Co6ibVJAznAaIkqp8huTwlJQCZ016jof/cbN4VW5Yz0=
gopkg.in/yaml.v3 v3.0.0-20200313102051-9f266ea9e77c h1:dUUwHk2QECo/6vqA44rthZ8ie2QXMNeKRTHCNY2nXvo=
gopkg.in/yaml.v3 v3.0.0-20200313102051-9f266ea9e77c/go.mod h1:K4uyk7z7BCEPqu6E+C64Yfv1cQ7kz7rIZviUmN+EgEM=
